
Microsoft Visual Studio Solution File, Format Version 12.00
# Visual Studio Version 17
VisualStudioVersion = 17.13.35828.75 d17.13
MinimumVisualStudioVersion = 10.0.40219.1
Project("{FAE04EC0-301F-11D3-BF4B-00C04F79EFBC}") = "CloudDevelopmentPART3", "CloudDevelopmentPART3\CloudDevelopmentPART3.csproj", "{F928A01C-8192-4B5B-AEB9-92F1961D6423}"
EndProject
Global
	GlobalSection(SolutionConfigurationPlatforms) = preSolution
		Debug|Any CPU = Debug|Any CPU
		Release|Any CPU = Release|Any CPU
	EndGlobalSection
	GlobalSection(ProjectConfigurationPlatforms) = postSolution
		{F928A01C-8192-4B5B-AEB9-92F1961D6423}.Debug|Any CPU.ActiveCfg = Debug|Any CPU
		{F928A01C-8192-4B5B-AEB9-92F1961D6423}.Debug|Any CPU.Build.0 = Debug|Any CPU
		{F928A01C-8192-4B5B-AEB9-92F1961D6423}.Release|Any CPU.ActiveCfg = Release|Any CPU
		{F928A01C-8192-4B5B-AEB9-92F1961D6423}.Release|Any CPU.Build.0 = Release|Any CPU
	EndGlobalSection
	GlobalSection(SolutionProperties) = preSolution
		HideSolutionNode = FALSE
	EndGlobalSection
	GlobalSection(ExtensibilityGlobals) = postSolution
		SolutionGuid = {3431BDB4-CDBF-4A12-9EEE-A1B075DCACA6}
	EndGlobalSection
EndGlobal
